# This file is automatically @generated by Cargo.
# It is not intended for manual editing.
version = 4

[[package]]
name = "snapshotstore_snapshotidentity"
version = "0.0.0"
dependencies = [
 "xxhash-rust",
]

[[package]]
name = "xxhash-rust"
version = "0.8.16"
source = "registry+https://github.com/rust-lang/crates.io-index"
checksum = "4d93c89cdc2d3a63c3ec48ffe926931bdc069eafa8e4402fe6d8f790c9d1e576"
