# This file is automatically @generated by Cargo.
# It is not intended for manual editing.
version = 4

[[package]]
name = "treesyncplanner_treetraversal"
version = "0.0.0"
dependencies = [
 "treesyncplanner_treetraversal_excludedpathfilter",
 "treesyncplanner_treetraversal_livedirectorywalk",
]

[[package]]
name = "treesyncplanner_treetraversal_excludedpathfilter"
version = "0.0.0"

[[package]]
name = "treesyncplanner_treetraversal_livedirectorywalk"
version = "0.0.0"
